<?xml version="1.0" encoding="utf-8"?>
<Project ToolsVersion="4.0" xmlns="http://schemas.microsoft.com/developer/msbuild/2003">
  <ItemGroup>
    <Filter Include="Source Files">
      <UniqueIdentifier>{4FC737F1-C7A5-4376-A066-2A32D752A2FF}</UniqueIdentifier>
      <Extensions>cpp;c;cc;cxx;c++;cppm;ixx;def;odl;idl;hpj;bat;asm;asmx</Extensions>
    </Filter>
    <Filter Include="Header Files">
      <UniqueIdentifier>{93995380-89BD-4b04-88EB-625FBE52EBFB}</UniqueIdentifier>
      <Extensions>h;hh;hpp;hxx;h++;hm;inl;inc;ipp;xsd</Extensions>
    </Filter>
    <Filter Include="Resource Files">
      <UniqueIdentifier>{67DA6AB6-F800-4c08-8B7A-83BB121AAD01}</UniqueIdentifier>
      <Extensions>rc;ico;cur;bmp;dlg;rc2;rct;bin;rgs;gif;jpg;jpeg;jpe;resx;tiff;tif;png;wav;mfcribbon-ms</Extensions>
    </Filter>
    <Filter Include="DataStructures">
      <UniqueIdentifier>{147e7ff8-63a2-4bff-8665-a14b98de0606}</UniqueIdentifier>
    </Filter>
    <Filter Include="Missions">
      <UniqueIdentifier>{6015698f-24ee-4a86-9da7-c4fea602b10d}</UniqueIdentifier>
    </Filter>
    <Filter Include="Rovers">
      <UniqueIdentifier>{1dbad704-3b14-4079-8b05-a8140032c9d7}</UniqueIdentifier>
    </Filter>
    <Filter Include="Events">
      <UniqueIdentifier>{9ead835e-bb8f-43db-9e3b-87c9e2464362}</UniqueIdentifier>
    </Filter>
    <Filter Include="UI">
      <UniqueIdentifier>{c81f3311-b25d-478f-9f67-e4bc1456b626}</UniqueIdentifier>
    </Filter>
    <Filter Include="MarsStation">
      <UniqueIdentifier>{d5e2a8a1-e970-4289-9d21-602b089a2299}</UniqueIdentifier>
    </Filter>
  </ItemGroup>
  <ItemGroup>
    <ClInclude Include="DataStructures\Node.h">
      <Filter>DataStructures</Filter>
    </ClInclude>
    <ClInclude Include="DataStructures\PriorityNode.h">
      <Filter>DataStructures</Filter>
    </ClInclude>
    <ClInclude Include="DataStructures\Stack.h">
      <Filter>DataStructures</Filter>
    </ClInclude>
    <ClInclude Include="DataStructures\Queue.h">
      <Filter>DataStructures</Filter>
    </ClInclude>
    <ClInclude Include="DataStructures\PriorityQueue.h">
      <Filter>DataStructures</Filter>
    </ClInclude>
    <ClInclude Include="Missions\EmergencyMission.h">
      <Filter>Missions</Filter>
    </ClInclude>
    <ClInclude Include="Missions\Mission.h">
      <Filter>Missions</Filter>
    </ClInclude>
    <ClInclude Include="Missions\MountainousMission.h">
      <Filter>Missions</Filter>
    </ClInclude>
    <ClInclude Include="Missions\PolarMission.h">
      <Filter>Missions</Filter>
    </ClInclude>
    <ClInclude Include="Rovers\MountainousRover.h">
      <Filter>Rovers</Filter>
    </ClInclude>
    <ClInclude Include="Rovers\PolarRover.h">
      <Filter>Rovers</Filter>
    </ClInclude>
    <ClInclude Include="DataStructures\Bag.h">
      <Filter>DataStructures</Filter>
    </ClInclude>
    <ClInclude Include="Rovers\Rover.h">
      <Filter>Rovers</Filter>
    </ClInclude>
    <ClInclude Include="Rovers\EmergencyRover.h">
      <Filter>Rovers</Filter>
    </ClInclude>
    <ClInclude Include="MarsStation\MarsStation.h">
      <Filter>MarsStation</Filter>
    </ClInclude>
    <ClInclude Include="DataStructures\List.h">
      <Filter>DataStructures</Filter>
    </ClInclude>
    <ClInclude Include="Events\Event.h">
      <Filter>Events</Filter>
    </ClInclude>
    <ClInclude Include="Events\FormulationEvent.h">
      <Filter>Events</Filter>
    </ClInclude>
    <ClInclude Include="Events\PromotionEvent.h">
      <Filter>Events</Filter>
    </ClInclude>
    <ClInclude Include="Events\CompletionEvent.h">
      <Filter>Events</Filter>
    </ClInclude>
    <ClInclude Include="Events\MissionFailure.h">
      <Filter>Events</Filter>
    </ClInclude>
    <ClInclude Include="Events\Assign.h">
      <Filter>Events</Filter>
    </ClInclude>
  </ItemGroup>
  <ItemGroup>
    <ClCompile Include="DataStructures\Source.cpp">
      <Filter>DataStructures</Filter>
    </ClCompile>
    <ClCompile Include="Missions\TestMission.cpp">
      <Filter>Missions</Filter>
    </ClCompile>
    <ClCompile Include="Rovers\TestRover.cpp">
      <Filter>Rovers</Filter>
    </ClCompile>
    <ClCompile Include="Rovers\Rover.cpp">
      <Filter>Rovers</Filter>
    </ClCompile>
    <ClCompile Include="Rovers\EmergencyRover.cpp">
      <Filter>Rovers</Filter>
    </ClCompile>
    <ClCompile Include="Rovers\PolarRover.cpp">
      <Filter>Rovers</Filter>
    </ClCompile>
    <ClCompile Include="Rovers\MountainousRover.cpp">
      <Filter>Rovers</Filter>
    </ClCompile>
    <ClCompile Include="Missions\Mission.cpp">
      <Filter>Missions</Filter>
    </ClCompile>
    <ClCompile Include="Missions\PolarMission.cpp">
      <Filter>Missions</Filter>
    </ClCompile>
    <ClCompile Include="Missions\MountainousMission.cpp">
      <Filter>Missions</Filter>
    </ClCompile>
    <ClCompile Include="Missions\EmergencyMission.cpp">
      <Filter>Missions</Filter>
    </ClCompile>
    <ClCompile Include="UI\Source1.cpp">
      <Filter>UI</Filter>
    </ClCompile>
    <ClCompile Include="Events\Source2.cpp">
      <Filter>Events</Filter>
    </ClCompile>
    <ClCompile Include="MarsStation\Source.cpp">
      <Filter>MarsStation</Filter>
    </ClCompile>
    <ClCompile Include="MarsStation\MarsStation.cpp">
      <Filter>MarsStation</Filter>
    </ClCompile>
    <ClCompile Include="Events\Event.cpp">
      <Filter>Events</Filter>
    </ClCompile>
    <ClCompile Include="Events\FormulationEvent.cpp">
      <Filter>Events</Filter>
    </ClCompile>
    <ClCompile Include="Events\PromotionEvent.cpp">
      <Filter>Events</Filter>
    </ClCompile>
    <ClCompile Include="Events\CompletionEvent.cpp">
      <Filter>Events</Filter>
    </ClCompile>
    <ClCompile Include="Events\MissionFailure.cpp">
      <Filter>Events</Filter>
    </ClCompile>
    <ClCompile Include="Events\Assign.cpp">
      <Filter>Events</Filter>
    </ClCompile>
  </ItemGroup>
</Project>